
Microsoft Visual Studio Solution File, Format Version 12.00
# Visual Studio Version 17
VisualStudioVersion = 17.11.35327.3
MinimumVisualStudioVersion = 10.0.40219.1
Project("{FAE04EC0-301F-11D3-BF4B-00C04F79EFBC}") = "chapter03_3", "chapter03_3\chapter03_3.csproj", "{8A5BD19D-D564-4C57-849C-4881F76A3F02}"
EndProject
Project("{FAE04EC0-301F-11D3-BF4B-00C04F79EFBC}") = "chapter03_4", "chapter03_4\chapter03_4.csproj", "{86043029-A442-46B0-AE7C-40DA19762812}"
EndProject
Project("{FAE04EC0-301F-11D3-BF4B-00C04F79EFBC}") = "chapter03_5", "chapter03_5\chapter03_5.csproj", "{44D6D251-67B2-4D58-B5DB-A4AD2A6BF6ED}"
EndProject
Project("{FAE04EC0-301F-11D3-BF4B-00C04F79EFBC}") = "chapter03_06", "chapter03_06\chapter03_06.csproj", "{879D2808-F87E-4C90-B957-7C93D81E9F6E}"
EndProject
Project("{FAE04EC0-301F-11D3-BF4B-00C04F79EFBC}") = "chapter03_7", "chapter03_7\chapter03_7.csproj", "{574A4A49-974E-4728-A4E8-F838A15546D8}"
EndProject
Global
	GlobalSection(SolutionConfigurationPlatforms) = preSolution
		Debug|Any CPU = Debug|Any CPU
		Release|Any CPU = Release|Any CPU
	EndGlobalSection
	GlobalSection(ProjectConfigurationPlatforms) = postSolution
		{8A5BD19D-D564-4C57-849C-4881F76A3F02}.Debug|Any CPU.ActiveCfg = Debug|Any CPU
		{8A5BD19D-D564-4C57-849C-4881F76A3F02}.Debug|Any CPU.Build.0 = Debug|Any CPU
		{8A5BD19D-D564-4C57-849C-4881F76A3F02}.Release|Any CPU.ActiveCfg = Release|Any CPU
		{8A5BD19D-D564-4C57-849C-4881F76A3F02}.Release|Any CPU.Build.0 = Release|Any CPU
		{86043029-A442-46B0-AE7C-40DA19762812}.Debug|Any CPU.ActiveCfg = Debug|Any CPU
		{86043029-A442-46B0-AE7C-40DA19762812}.Debug|Any CPU.Build.0 = Debug|Any CPU
		{86043029-A442-46B0-AE7C-40DA19762812}.Release|Any CPU.ActiveCfg = Release|Any CPU
		{86043029-A442-46B0-AE7C-40DA19762812}.Release|Any CPU.Build.0 = Release|Any CPU
		{44D6D251-67B2-4D58-B5DB-A4AD2A6BF6ED}.Debug|Any CPU.ActiveCfg = Debug|Any CPU
		{44D6D251-67B2-4D58-B5DB-A4AD2A6BF6ED}.Debug|Any CPU.Build.0 = Debug|Any CPU
		{44D6D251-67B2-4D58-B5DB-A4AD2A6BF6ED}.Release|Any CPU.ActiveCfg = Release|Any CPU
		{44D6D251-67B2-4D58-B5DB-A4AD2A6BF6ED}.Release|Any CPU.Build.0 = Release|Any CPU
		{879D2808-F87E-4C90-B957-7C93D81E9F6E}.Debug|Any CPU.ActiveCfg = Debug|Any CPU
		{879D2808-F87E-4C90-B957-7C93D81E9F6E}.Debug|Any CPU.Build.0 = Debug|Any CPU
		{879D2808-F87E-4C90-B957-7C93D81E9F6E}.Release|Any CPU.ActiveCfg = Release|Any CPU
		{879D2808-F87E-4C90-B957-7C93D81E9F6E}.Release|Any CPU.Build.0 = Release|Any CPU
		{574A4A49-974E-4728-A4E8-F838A15546D8}.Debug|Any CPU.ActiveCfg = Debug|Any CPU
		{574A4A49-974E-4728-A4E8-F838A15546D8}.Debug|Any CPU.Build.0 = Debug|Any CPU
		{574A4A49-974E-4728-A4E8-F838A15546D8}.Release|Any CPU.ActiveCfg = Release|Any CPU
		{574A4A49-974E-4728-A4E8-F838A15546D8}.Release|Any CPU.Build.0 = Release|Any CPU
	EndGlobalSection
	GlobalSection(SolutionProperties) = preSolution
		HideSolutionNode = FALSE
	EndGlobalSection
	GlobalSection(ExtensibilityGlobals) = postSolution
		SolutionGuid = {A0104E51-5061-478E-A5B7-0E7112510373}
	EndGlobalSection
EndGlobal
